[{<<"rebar_vsn_plugin">>,
  {git,"https://github.com/erlware/rebar_vsn_plugin.git",
       {ref,"fd40c960c7912193631d948fe962e1162a8d1334"}},
  0},
 {<<"ranch">>,
  {git,"git://github.com/extend/ranch.git",
       {ref,"adf1822defc2b7cfdc7aca112adabfa1d614043c"}},
  0},
 {<<"qdate">>,
  {git,"https://github.com/choptastic/qdate.git",
       {ref,"80a856721dd99b8c33b2411f91fc96df68568dd1"}},
  0},
 {<<"meck">>,
  {git,"https://github.com/eproxus/meck.git",
       {ref,"fd1c79361d4a5fa16774c8b378dd89104d3dfaa5"}},
  0},
 {<<"jsx">>,
  {git,"https://github.com/talentdeficit/jsx.git",
       {ref,"8f62b3adf112f282fefffb905ef16af6c1b189e2"}},
  0},
 {<<"gproc">>,
  {git,"git://github.com/uwiger/gproc.git",
       {ref,"1b81e72fd5005b817794d6baa6d08da3faf8b179"}},
  0},
 {<<"gen_leader">>,
  {git,"git://github.com/abecciu/gen_leader_revival.git",
       {ref,"a119cb9a39f94254247962bce4616b6f607cca80"}},
  0},
 {<<"gcm">>,
  {git,"https://github.com/pdincau/gcm-erlang.git",
       {ref,"e738aecc6e118f585f3303091744956f0c78b99a"}},
  0},
 {<<"eunit_formatters">>,
  {git,"git://github.com/seancribbs/eunit_formatters",
       {ref,"2c73eb6e46b0863f19507857b386a48a53aaf141"}},
  0},
 {<<"erlware_commons">>,
  {git,"git://github.com/erlware/erlware_commons.git",
       {ref,"02ab88513f9b0a80607170077938218b1457f6be"}},
  0},
 {<<"erlang_localtime">>,
  {git,"git://github.com/choptastic/erlang_localtime.git",
       {ref,"66f2e225f0e5b1ae3a8bb1005d759ee87032f388"}},
  0},
 {<<"edown">>,
  {git,"git://github.com/esl/edown.git",
       {ref,"4d18dc4bec89c20c0ba8cab6884ce690ca606f4a"}},
  0},
 {<<"cowlib">>,
  {git,"git://github.com/extend/cowlib.git",
       {ref,"d544a494af4dbc810fc9c15eaf5cc050cced1501"}},
  0},
 {<<"cowboy">>,
  {git,"git://github.com/ninenines/cowboy.git",
       {ref,"021f4f6069e5fae326bdfb0acb12c6500082fa44"}},
  0}].
